// !$*UTF8*$!
{
	archiveVersion = 1;
	classes = {
	};
	objectVersion = 46;
	objects = {

/* Begin PBXBuildFile section */
		BE0A10721797D01E00AD191E /* CheckOrderFormTableView.m in Sources */ = {isa = PBXBuildFile; fileRef = BE0A10711797D01E00AD191E /* CheckOrderFormTableView.m */; };
		BE0A10761797E90300AD191E /* DataModel.m in Sources */ = {isa = PBXBuildFile; fileRef = BE0A10751797E90300AD191E /* DataModel.m */; };
		BE0FACBD1795898800931E59 /* HelpOrderFormView.m in Sources */ = {isa = PBXBuildFile; fileRef = BE0FACBC1795898800931E59 /* HelpOrderFormView.m */; };
		BE0FACC0179589D200931E59 /* MainView.m in Sources */ = {isa = PBXBuildFile; fileRef = BE0FACBF179589D200931E59 /* MainView.m */; };
		BE1826C21792C90F000A87DB /* UIKit.framework in Frameworks */ = {isa = PBXBuildFile; fileRef = BE1826C11792C90F000A87DB /* UIKit.framework */; };
		BE1826C41792C90F000A87DB /* Foundation.framework in Frameworks */ = {isa = PBXBuildFile; fileRef = BE1826C31792C90F000A87DB /* Foundation.framework */; };
		BE1826C61792C90F000A87DB /* CoreGraphics.framework in Frameworks */ = {isa = PBXBuildFile; fileRef = BE1826C51792C90F000A87DB /* CoreGraphics.framework */; };
		BE1826CC1792C90F000A87DB /* InfoPlist.strings in Resources */ = {isa = PBXBuildFile; fileRef = BE1826CA1792C90F000A87DB /* InfoPlist.strings */; };
		BE1826CE1792C90F000A87DB /* main.m in Sources */ = {isa = PBXBuildFile; fileRef = BE1826CD1792C90F000A87DB /* main.m */; };
		BE1826D21792C90F000A87DB /* AppDelegate.m in Sources */ = {isa = PBXBuildFile; fileRef = BE1826D11792C90F000A87DB /* AppDelegate.m */; };
		BE1826D41792C90F000A87DB /* Default.png in Resources */ = {isa = PBXBuildFile; fileRef = BE1826D31792C90F000A87DB /* Default.png */; };
		BE1826D61792C90F000A87DB /* Default@2x.png in Resources */ = {isa = PBXBuildFile; fileRef = BE1826D51792C90F000A87DB /* Default@2x.png */; };
		BE1826D81792C90F000A87DB /* Default-568h@2x.png in Resources */ = {isa = PBXBuildFile; fileRef = BE1826D71792C90F000A87DB /* Default-568h@2x.png */; };
		BE1826E01792C90F000A87DB /* SenTestingKit.framework in Frameworks */ = {isa = PBXBuildFile; fileRef = BE1826DF1792C90F000A87DB /* SenTestingKit.framework */; };
		BE1826E11792C90F000A87DB /* UIKit.framework in Frameworks */ = {isa = PBXBuildFile; fileRef = BE1826C11792C90F000A87DB /* UIKit.framework */; };
		BE1826E21792C90F000A87DB /* Foundation.framework in Frameworks */ = {isa = PBXBuildFile; fileRef = BE1826C31792C90F000A87DB /* Foundation.framework */; };
		BE1826EA1792C90F000A87DB /* InfoPlist.strings in Resources */ = {isa = PBXBuildFile; fileRef = BE1826E81792C90F000A87DB /* InfoPlist.strings */; };
		BE1826ED1792C90F000A87DB /* moonTests.m in Sources */ = {isa = PBXBuildFile; fileRef = BE1826EC1792C90F000A87DB /* moonTests.m */; };
		BE1826FE1792C9C0000A87DB /* a.json in Resources */ = {isa = PBXBuildFile; fileRef = BE1826FA1792C9C0000A87DB /* a.json */; };
		BE1826FF1792C9C0000A87DB /* foods.json in Resources */ = {isa = PBXBuildFile; fileRef = BE1826FB1792C9C0000A87DB /* foods.json */; };
		BE1827001792C9C0000A87DB /* restaurants.json in Resources */ = {isa = PBXBuildFile; fileRef = BE1826FC1792C9C0000A87DB /* restaurants.json */; };
		BE1827011792C9C0000A87DB /* users.json in Resources */ = {isa = PBXBuildFile; fileRef = BE1826FD1792C9C0000A87DB /* users.json */; };
		BE1827051792CA03000A87DB /* MyButton.m in Sources */ = {isa = PBXBuildFile; fileRef = BE1827041792CA03000A87DB /* MyButton.m */; };
		BE1827081792CA40000A87DB /* MyTextField.m in Sources */ = {isa = PBXBuildFile; fileRef = BE1827071792CA40000A87DB /* MyTextField.m */; };
		BE18270C1792CABF000A87DB /* JsonParser.m in Sources */ = {isa = PBXBuildFile; fileRef = BE18270B1792CABF000A87DB /* JsonParser.m */; };
		BE18270F1792CAE6000A87DB /* OrderList.m in Sources */ = {isa = PBXBuildFile; fileRef = BE18270E1792CAE6000A87DB /* OrderList.m */; };
		BE1827141792CBA7000A87DB /* CheckOrderFormViewController.m in Sources */ = {isa = PBXBuildFile; fileRef = BE1827111792CBA7000A87DB /* CheckOrderFormViewController.m */; };
		BE1827151792CBA7000A87DB /* HelpOrderFormViewController.m in Sources */ = {isa = PBXBuildFile; fileRef = BE1827131792CBA7000A87DB /* HelpOrderFormViewController.m */; };
		BE18271E1792CBE4000A87DB /* MainViewController.m in Sources */ = {isa = PBXBuildFile; fileRef = BE1827171792CBE4000A87DB /* MainViewController.m */; };
		BE18271F1792CBE4000A87DB /* SelectFoodViewController.m in Sources */ = {isa = PBXBuildFile; fileRef = BE1827191792CBE4000A87DB /* SelectFoodViewController.m */; };
		BE1827201792CBE4000A87DB /* SelectPeopleViewController.m in Sources */ = {isa = PBXBuildFile; fileRef = BE18271B1792CBE4000A87DB /* SelectPeopleViewController.m */; };
		BE1827211792CBE4000A87DB /* SelectRestaurantViewController.m in Sources */ = {isa = PBXBuildFile; fileRef = BE18271D1792CBE4000A87DB /* SelectRestaurantViewController.m */; };
		BE3FCDAB1793C5EB00C3B734 /* OrderItem.m in Sources */ = {isa = PBXBuildFile; fileRef = BE3FCDAA1793C5EB00C3B734 /* OrderItem.m */; };
/* End PBXBuildFile section */

/* Begin PBXContainerItemProxy section */
		BE1826E31792C90F000A87DB /* PBXContainerItemProxy */ = {
			isa = PBXContainerItemProxy;
			containerPortal = BE1826B61792C90F000A87DB /* Project object */;
			proxyType = 1;
			remoteGlobalIDString = BE1826BD1792C90F000A87DB;
			remoteInfo = moon;
		};
/* End PBXContainerItemProxy section */

/* Begin PBXFileReference section */
		BE0A10701797D01E00AD191E /* CheckOrderFormTableView.h */ = {isa = PBXFileReference; fileEncoding = 4; lastKnownFileType = sourcecode.c.h; path = CheckOrderFormTableView.h; sourceTree = "<group>"; };
		BE0A10711797D01E00AD191E /* CheckOrderFormTableView.m */ = {isa = PBXFileReference; fileEncoding = 4; lastKnownFileType = sourcecode.c.objc; path = CheckOrderFormTableView.m; sourceTree = "<group>"; };
		BE0A10741797E90300AD191E /* DataModel.h */ = {isa = PBXFileReference; fileEncoding = 4; lastKnownFileType = sourcecode.c.h; path = DataModel.h; sourceTree = "<group>"; };
		BE0A10751797E90300AD191E /* DataModel.m */ = {isa = PBXFileReference; fileEncoding = 4; lastKnownFileType = sourcecode.c.objc; path = DataModel.m; sourceTree = "<group>"; };
		BE0FACB81795681F00931E59 /* data.h */ = {isa = PBXFileReference; fileEncoding = 4; lastKnownFileType = sourcecode.c.h; path = data.h; sourceTree = "<group>"; };
		BE0FACBB1795898800931E59 /* HelpOrderFormView.h */ = {isa = PBXFileReference; fileEncoding = 4; lastKnownFileType = sourcecode.c.h; path = HelpOrderFormView.h; sourceTree = "<group>"; };
		BE0FACBC1795898800931E59 /* HelpOrderFormView.m */ = {isa = PBXFileReference; fileEncoding = 4; lastKnownFileType = sourcecode.c.objc; path = HelpOrderFormView.m; sourceTree = "<group>"; };
		BE0FACBE179589D200931E59 /* MainView.h */ = {isa = PBXFileReference; fileEncoding = 4; lastKnownFileType = sourcecode.c.h; path = MainView.h; sourceTree = "<group>"; };
		BE0FACBF179589D200931E59 /* MainView.m */ = {isa = PBXFileReference; fileEncoding = 4; lastKnownFileType = sourcecode.c.objc; path = MainView.m; sourceTree = "<group>"; };
		BE1826BE1792C90F000A87DB /* moon.app */ = {isa = PBXFileReference; explicitFileType = wrapper.application; includeInIndex = 0; path = moon.app; sourceTree = BUILT_PRODUCTS_DIR; };
		BE1826C11792C90F000A87DB /* UIKit.framework */ = {isa = PBXFileReference; lastKnownFileType = wrapper.framework; name = UIKit.framework; path = System/Library/Frameworks/UIKit.framework; sourceTree = SDKROOT; };
		BE1826C31792C90F000A87DB /* Foundation.framework */ = {isa = PBXFileReference; lastKnownFileType = wrapper.framework; name = Foundation.framework; path = System/Library/Frameworks/Foundation.framework; sourceTree = SDKROOT; };
		BE1826C51792C90F000A87DB /* CoreGraphics.framework */ = {isa = PBXFileReference; lastKnownFileType = wrapper.framework; name = CoreGraphics.framework; path = System/Library/Frameworks/CoreGraphics.framework; sourceTree = SDKROOT; };
		BE1826C91792C90F000A87DB /* moon-Info.plist */ = {isa = PBXFileReference; lastKnownFileType = text.plist.xml; path = "moon-Info.plist"; sourceTree = "<group>"; };
		BE1826CB1792C90F000A87DB /* en */ = {isa = PBXFileReference; lastKnownFileType = text.plist.strings; name = en; path = en.lproj/InfoPlist.strings; sourceTree = "<group>"; };
		BE1826CD1792C90F000A87DB /* main.m */ = {isa = PBXFileReference; lastKnownFileType = sourcecode.c.objc; path = main.m; sourceTree = "<group>"; };
		BE1826CF1792C90F000A87DB /* moon-Prefix.pch */ = {isa = PBXFileReference; lastKnownFileType = sourcecode.c.h; path = "moon-Prefix.pch"; sourceTree = "<group>"; };
		BE1826D01792C90F000A87DB /* AppDelegate.h */ = {isa = PBXFileReference; lastKnownFileType = sourcecode.c.h; path = AppDelegate.h; sourceTree = "<group>"; };
		BE1826D11792C90F000A87DB /* AppDelegate.m */ = {isa = PBXFileReference; lastKnownFileType = sourcecode.c.objc; path = AppDelegate.m; sourceTree = "<group>"; };
		BE1826D31792C90F000A87DB /* Default.png */ = {isa = PBXFileReference; lastKnownFileType = image.png; path = Default.png; sourceTree = "<group>"; };
		BE1826D51792C90F000A87DB /* Default@2x.png */ = {isa = PBXFileReference; lastKnownFileType = image.png; path = "Default@2x.png"; sourceTree = "<group>"; };
		BE1826D71792C90F000A87DB /* Default-568h@2x.png */ = {isa = PBXFileReference; lastKnownFileType = image.png; path = "Default-568h@2x.png"; sourceTree = "<group>"; };
		BE1826DE1792C90F000A87DB /* moonTests.octest */ = {isa = PBXFileReference; explicitFileType = wrapper.cfbundle; includeInIndex = 0; path = moonTests.octest; sourceTree = BUILT_PRODUCTS_DIR; };
		BE1826DF1792C90F000A87DB /* SenTestingKit.framework */ = {isa = PBXFileReference; lastKnownFileType = wrapper.framework; name = SenTestingKit.framework; path = Library/Frameworks/SenTestingKit.framework; sourceTree = DEVELOPER_DIR; };
		BE1826E71792C90F000A87DB /* moonTests-Info.plist */ = {isa = PBXFileReference; lastKnownFileType = text.plist.xml; path = "moonTests-Info.plist"; sourceTree = "<group>"; };
		BE1826E91792C90F000A87DB /* en */ = {isa = PBXFileReference; lastKnownFileType = text.plist.strings; name = en; path = en.lproj/InfoPlist.strings; sourceTree = "<group>"; };
		BE1826EB1792C90F000A87DB /* moonTests.h */ = {isa = PBXFileReference; lastKnownFileType = sourcecode.c.h; path = moonTests.h; sourceTree = "<group>"; };
		BE1826EC1792C90F000A87DB /* moonTests.m */ = {isa = PBXFileReference; lastKnownFileType = sourcecode.c.objc; path = moonTests.m; sourceTree = "<group>"; };
		BE1826FA1792C9C0000A87DB /* a.json */ = {isa = PBXFileReference; fileEncoding = 4; lastKnownFileType = text.json; path = a.json; sourceTree = "<group>"; };
		BE1826FB1792C9C0000A87DB /* foods.json */ = {isa = PBXFileReference; fileEncoding = 4; lastKnownFileType = text.json; path = foods.json; sourceTree = "<group>"; };
		BE1826FC1792C9C0000A87DB /* restaurants.json */ = {isa = PBXFileReference; fileEncoding = 4; lastKnownFileType = text.json; path = restaurants.json; sourceTree = "<group>"; };
		BE1826FD1792C9C0000A87DB /* users.json */ = {isa = PBXFileReference; fileEncoding = 4; lastKnownFileType = text.json; path = users.json; sourceTree = "<group>"; };
		BE1827031792CA03000A87DB /* MyButton.h */ = {isa = PBXFileReference; fileEncoding = 4; lastKnownFileType = sourcecode.c.h; path = MyButton.h; sourceTree = "<group>"; };
		BE1827041792CA03000A87DB /* MyButton.m */ = {isa = PBXFileReference; fileEncoding = 4; lastKnownFileType = sourcecode.c.objc; path = MyButton.m; sourceTree = "<group>"; };
		BE1827061792CA40000A87DB /* MyTextField.h */ = {isa = PBXFileReference; fileEncoding = 4; lastKnownFileType = sourcecode.c.h; path = MyTextField.h; sourceTree = "<group>"; };
		BE1827071792CA40000A87DB /* MyTextField.m */ = {isa = PBXFileReference; fileEncoding = 4; lastKnownFileType = sourcecode.c.objc; path = MyTextField.m; sourceTree = "<group>"; };
		BE18270A1792CABF000A87DB /* JsonParser.h */ = {isa = PBXFileReference; fileEncoding = 4; lastKnownFileType = sourcecode.c.h; path = JsonParser.h; sourceTree = "<group>"; };
		BE18270B1792CABF000A87DB /* JsonParser.m */ = {isa = PBXFileReference; fileEncoding = 4; lastKnownFileType = sourcecode.c.objc; path = JsonParser.m; sourceTree = "<group>"; };
		BE18270D1792CAE6000A87DB /* OrderList.h */ = {isa = PBXFileReference; fileEncoding = 4; lastKnownFileType = sourcecode.c.h; path = OrderList.h; sourceTree = "<group>"; };
		BE18270E1792CAE6000A87DB /* OrderList.m */ = {isa = PBXFileReference; fileEncoding = 4; lastKnownFileType = sourcecode.c.objc; path = OrderList.m; sourceTree = "<group>"; };
		BE1827101792CBA7000A87DB /* CheckOrderFormViewController.h */ = {isa = PBXFileReference; fileEncoding = 4; lastKnownFileType = sourcecode.c.h; path = CheckOrderFormViewController.h; sourceTree = "<group>"; };
		BE1827111792CBA7000A87DB /* CheckOrderFormViewController.m */ = {isa = PBXFileReference; fileEncoding = 4; lastKnownFileType = sourcecode.c.objc; path = CheckOrderFormViewController.m; sourceTree = "<group>"; };
		BE1827121792CBA7000A87DB /* HelpOrderFormViewController.h */ = {isa = PBXFileReference; fileEncoding = 4; lastKnownFileType = sourcecode.c.h; path = HelpOrderFormViewController.h; sourceTree = "<group>"; };
		BE1827131792CBA7000A87DB /* HelpOrderFormViewController.m */ = {isa = PBXFileReference; fileEncoding = 4; lastKnownFileType = sourcecode.c.objc; path = HelpOrderFormViewController.m; sourceTree = "<group>"; };
		BE1827161792CBE4000A87DB /* MainViewController.h */ = {isa = PBXFileReference; fileEncoding = 4; lastKnownFileType = sourcecode.c.h; path = MainViewController.h; sourceTree = "<group>"; };
		BE1827171792CBE4000A87DB /* MainViewController.m */ = {isa = PBXFileReference; fileEncoding = 4; lastKnownFileType = sourcecode.c.objc; path = MainViewController.m; sourceTree = "<group>"; };
		BE1827181792CBE4000A87DB /* SelectFoodViewController.h */ = {isa = PBXFileReference; fileEncoding = 4; lastKnownFileType = sourcecode.c.h; path = SelectFoodViewController.h; sourceTree = "<group>"; };
		BE1827191792CBE4000A87DB /* SelectFoodViewController.m */ = {isa = PBXFileReference; fileEncoding = 4; lastKnownFileType = sourcecode.c.objc; path = SelectFoodViewController.m; sourceTree = "<group>"; };
		BE18271A1792CBE4000A87DB /* SelectPeopleViewController.h */ = {isa = PBXFileReference; fileEncoding = 4; lastKnownFileType = sourcecode.c.h; path = SelectPeopleViewController.h; sourceTree = "<group>"; };
		BE18271B1792CBE4000A87DB /* SelectPeopleViewController.m */ = {isa = PBXFileReference; fileEncoding = 4; lastKnownFileType = sourcecode.c.objc; path = SelectPeopleViewController.m; sourceTree = "<group>"; };
		BE18271C1792CBE4000A87DB /* SelectRestaurantViewController.h */ = {isa = PBXFileReference; fileEncoding = 4; lastKnownFileType = sourcecode.c.h; path = SelectRestaurantViewController.h; sourceTree = "<group>"; };
		BE18271D1792CBE4000A87DB /* SelectRestaurantViewController.m */ = {isa = PBXFileReference; fileEncoding = 4; lastKnownFileType = sourcecode.c.objc; path = SelectRestaurantViewController.m; sourceTree = "<group>"; };
		BE3FCDA91793C5EB00C3B734 /* OrderItem.h */ = {isa = PBXFileReference; fileEncoding = 4; lastKnownFileType = sourcecode.c.h; path = OrderItem.h; sourceTree = "<group>"; };
		BE3FCDAA1793C5EB00C3B734 /* OrderItem.m */ = {isa = PBXFileReference; fileEncoding = 4; lastKnownFileType = sourcecode.c.objc; path = OrderItem.m; sourceTree = "<group>"; };
		BEF38BE8179522A2005FCA75 /* MyNavigateControllerDelegate.h */ = {isa = PBXFileReference; lastKnownFileType = sourcecode.c.h; path = MyNavigateControllerDelegate.h; sourceTree = "<group>"; };
/* End PBXFileReference section */

/* Begin PBXFrameworksBuildPhase section */
		BE1826BB1792C90F000A87DB /* Frameworks */ = {
			isa = PBXFrameworksBuildPhase;
			buildActionMask = 2147483647;
			files = (
				BE1826C21792C90F000A87DB /* UIKit.framework in Frameworks */,
				BE1826C41792C90F000A87DB /* Foundation.framework in Frameworks */,
				BE1826C61792C90F000A87DB /* CoreGraphics.framework in Frameworks */,
			);
			runOnlyForDeploymentPostprocessing = 0;
		};
		BE1826DA1792C90F000A87DB /* Frameworks */ = {
			isa = PBXFrameworksBuildPhase;
			buildActionMask = 2147483647;
			files = (
				BE1826E01792C90F000A87DB /* SenTestingKit.framework in Frameworks */,
				BE1826E11792C90F000A87DB /* UIKit.framework in Frameworks */,
				BE1826E21792C90F000A87DB /* Foundation.framework in Frameworks */,
			);
			runOnlyForDeploymentPostprocessing = 0;
		};
/* End PBXFrameworksBuildPhase section */

/* Begin PBXGroup section */
		BE0A10731797E89600AD191E /* dataModel */ = {
			isa = PBXGroup;
			children = (
				BE0A10741797E90300AD191E /* DataModel.h */,
				BE0A10751797E90300AD191E /* DataModel.m */,
			);
			name = dataModel;
			sourceTree = "<group>";
		};
		BE0FACBA1795890C00931E59 /* view */ = {
			isa = PBXGroup;
			children = (
				BE0FACBE179589D200931E59 /* MainView.h */,
				BE0FACBF179589D200931E59 /* MainView.m */,
				BE0FACBB1795898800931E59 /* HelpOrderFormView.h */,
				BE0FACBC1795898800931E59 /* HelpOrderFormView.m */,
				BE0A10701797D01E00AD191E /* CheckOrderFormTableView.h */,
				BE0A10711797D01E00AD191E /* CheckOrderFormTableView.m */,
			);
			name = view;
			sourceTree = "<group>";
		};
		BE1826B51792C90F000A87DB = {
			isa = PBXGroup;
			children = (
				BE1826C71792C90F000A87DB /* moon */,
				BE1826E51792C90F000A87DB /* moonTests */,
				BE1826C01792C90F000A87DB /* Frameworks */,
				BE1826BF1792C90F000A87DB /* Products */,
			);
			sourceTree = "<group>";
		};
		BE1826BF1792C90F000A87DB /* Products */ = {
			isa = PBXGroup;
			children = (
				BE1826BE1792C90F000A87DB /* moon.app */,
				BE1826DE1792C90F000A87DB /* moonTests.octest */,
			);
			name = Products;
			sourceTree = "<group>";
		};
		BE1826C01792C90F000A87DB /* Frameworks */ = {
			isa = PBXGroup;
			children = (
				BE1826C11792C90F000A87DB /* UIKit.framework */,
				BE1826C31792C90F000A87DB /* Foundation.framework */,
				BE1826C51792C90F000A87DB /* CoreGraphics.framework */,
				BE1826DF1792C90F000A87DB /* SenTestingKit.framework */,
			);
			name = Frameworks;
			sourceTree = "<group>";
		};
		BE1826C71792C90F000A87DB /* moon */ = {
			isa = PBXGroup;
			children = (
				BE1826F91792C9C0000A87DB /* data */,
				BEF38BE417952094005FCA75 /* delegate */,
				BE1827091792CA65000A87DB /* tools */,
				BE1827021792C9D9000A87DB /* controls */,
				BE7AAEA91792CCE700596AA7 /* viewController */,
				BE0FACBA1795890C00931E59 /* view */,
				BE0A10731797E89600AD191E /* dataModel */,
				BE1826D01792C90F000A87DB /* AppDelegate.h */,
				BE1826D11792C90F000A87DB /* AppDelegate.m */,
				BE0FACB81795681F00931E59 /* data.h */,
				BE1826C81792C90F000A87DB /* Supporting Files */,
			);
			path = moon;
			sourceTree = "<group>";
		};
		BE1826C81792C90F000A87DB /* Supporting Files */ = {
			isa = PBXGroup;
			children = (
				BE1826C91792C90F000A87DB /* moon-Info.plist */,
				BE1826CA1792C90F000A87DB /* InfoPlist.strings */,
				BE1826CD1792C90F000A87DB /* main.m */,
				BE1826CF1792C90F000A87DB /* moon-Prefix.pch */,
				BE1826D31792C90F000A87DB /* Default.png */,
				BE1826D51792C90F000A87DB /* Default@2x.png */,
				BE1826D71792C90F000A87DB /* Default-568h@2x.png */,
			);
			name = "Supporting Files";
			sourceTree = "<group>";
		};
		BE1826E51792C90F000A87DB /* moonTests */ = {
			isa = PBXGroup;
			children = (
				BE1826EB1792C90F000A87DB /* moonTests.h */,
				BE1826EC1792C90F000A87DB /* moonTests.m */,
				BE1826E61792C90F000A87DB /* Supporting Files */,
			);
			path = moonTests;
			sourceTree = "<group>";
		};
		BE1826E61792C90F000A87DB /* Supporting Files */ = {
			isa = PBXGroup;
			children = (
				BE1826E71792C90F000A87DB /* moonTests-Info.plist */,
				BE1826E81792C90F000A87DB /* InfoPlist.strings */,
			);
			name = "Supporting Files";
			sourceTree = "<group>";
		};
		BE1826F91792C9C0000A87DB /* data */ = {
			isa = PBXGroup;
			children = (
				BE1826FA1792C9C0000A87DB /* a.json */,
				BE1826FB1792C9C0000A87DB /* foods.json */,
				BE1826FC1792C9C0000A87DB /* restaurants.json */,
				BE1826FD1792C9C0000A87DB /* users.json */,
			);
			path = data;
			sourceTree = SOURCE_ROOT;
		};
		BE1827021792C9D9000A87DB /* controls */ = {
			isa = PBXGroup;
			children = (
				BE1827031792CA03000A87DB /* MyButton.h */,
				BE1827041792CA03000A87DB /* MyButton.m */,
				BE1827061792CA40000A87DB /* MyTextField.h */,
				BE1827071792CA40000A87DB /* MyTextField.m */,
			);
			name = controls;
			sourceTree = "<group>";
		};
		BE1827091792CA65000A87DB /* tools */ = {
			isa = PBXGroup;
			children = (
				BE18270D1792CAE6000A87DB /* OrderList.h */,
				BE18270E1792CAE6000A87DB /* OrderList.m */,
				BE3FCDA91793C5EB00C3B734 /* OrderItem.h */,
				BE3FCDAA1793C5EB00C3B734 /* OrderItem.m */,
				BE18270A1792CABF000A87DB /* JsonParser.h */,
				BE18270B1792CABF000A87DB /* JsonParser.m */,
			);
			name = tools;
			sourceTree = "<group>";
		};
		BE7AAEA91792CCE700596AA7 /* viewController */ = {
			isa = PBXGroup;
			children = (
				BE1827161792CBE4000A87DB /* MainViewController.h */,
				BE1827171792CBE4000A87DB /* MainViewController.m */,
				BE1827121792CBA7000A87DB /* HelpOrderFormViewController.h */,
				BE1827131792CBA7000A87DB /* HelpOrderFormViewController.m */,
				BE1827101792CBA7000A87DB /* CheckOrderFormViewController.h */,
				BE1827111792CBA7000A87DB /* CheckOrderFormViewController.m */,
				BE18271A1792CBE4000A87DB /* SelectPeopleViewController.h */,
				BE18271B1792CBE4000A87DB /* SelectPeopleViewController.m */,
				BE18271C1792CBE4000A87DB /* SelectRestaurantViewController.h */,
				BE18271D1792CBE4000A87DB /* SelectRestaurantViewController.m */,
				BE1827181792CBE4000A87DB /* SelectFoodViewController.h */,
				BE1827191792CBE4000A87DB /* SelectFoodViewController.m */,
			);
			name = viewController;
			sourceTree = "<group>";
		};
		BEF38BE417952094005FCA75 /* delegate */ = {
			isa = PBXGroup;
			children = (
				BEF38BE8179522A2005FCA75 /* MyNavigateControllerDelegate.h */,
			);
			name = delegate;
			sourceTree = "<group>";
		};
/* End PBXGroup section */

/* Begin PBXNativeTarget section */
		BE1826BD1792C90F000A87DB /* moon */ = {
			isa = PBXNativeTarget;
			buildConfigurationList = BE1826F01792C90F000A87DB /* Build configuration list for PBXNativeTarget "moon" */;
			buildPhases = (
				BE1826BA1792C90F000A87DB /* Sources */,
				BE1826BB1792C90F000A87DB /* Frameworks */,
				BE1826BC1792C90F000A87DB /* Resources */,
			);
			buildRules = (
			);
			dependencies = (
			);
			name = moon;
			productName = moon;
			productReference = BE1826BE1792C90F000A87DB /* moon.app */;
			productType = "com.apple.product-type.application";
		};
		BE1826DD1792C90F000A87DB /* moonTests */ = {
			isa = PBXNativeTarget;
			buildConfigurationList = BE1826F31792C90F000A87DB /* Build configuration list for PBXNativeTarget "moonTests" */;
			buildPhases = (
				BE1826D91792C90F000A87DB /* Sources */,
				BE1826DA1792C90F000A87DB /* Frameworks */,
				BE1826DB1792C90F000A87DB /* Resources */,
				BE1826DC1792C90F000A87DB /* ShellScript */,
			);
			buildRules = (
			);
			dependencies = (
				BE1826E41792C90F000A87DB /* PBXTargetDependency */,
			);
			name = moonTests;
			productName = moonTests;
			productReference = BE1826DE1792C90F000A87DB /* moonTests.octest */;
			productType = "com.apple.product-type.bundle";
		};
/* End PBXNativeTarget section */

/* Begin PBXProject section */
		BE1826B61792C90F000A87DB /* Project object */ = {
			isa = PBXProject;
			attributes = {
				LastUpgradeCheck = 0460;
				ORGANIZATIONNAME = Luwei;
			};
			buildConfigurationList = BE1826B91792C90F000A87DB /* Build configuration list for PBXProject "moon" */;
			compatibilityVersion = "Xcode 3.2";
			developmentRegion = English;
			hasScannedForEncodings = 0;
			knownRegions = (
				en,
			);
			mainGroup = BE1826B51792C90F000A87DB;
			productRefGroup = BE1826BF1792C90F000A87DB /* Products */;
			projectDirPath = "";
			projectRoot = "";
			targets = (
				BE1826BD1792C90F000A87DB /* moon */,
				BE1826DD1792C90F000A87DB /* moonTests */,
			);
		};
/* End PBXProject section */

/* Begin PBXResourcesBuildPhase section */
		BE1826BC1792C90F000A87DB /* Resources */ = {
			isa = PBXResourcesBuildPhase;
			buildActionMask = 2147483647;
			files = (
				BE1826CC1792C90F000A87DB /* InfoPlist.strings in Resources */,
				BE1826D41792C90F000A87DB /* Default.png in Resources */,
				BE1826D61792C90F000A87DB /* Default@2x.png in Resources */,
				BE1826D81792C90F000A87DB /* Default-568h@2x.png in Resources */,
				BE1826FE1792C9C0000A87DB /* a.json in Resources */,
				BE1826FF1792C9C0000A87DB /* foods.json in Resources */,
				BE1827001792C9C0000A87DB /* restaurants.json in Resources */,
				BE1827011792C9C0000A87DB /* users.json in Resources */,
			);
			runOnlyForDeploymentPostprocessing = 0;
		};
		BE1826DB1792C90F000A87DB /* Resources */ = {
			isa = PBXResourcesBuildPhase;
			buildActionMask = 2147483647;
			files = (
				BE1826EA1792C90F000A87DB /* InfoPlist.strings in Resources */,
			);
			runOnlyForDeploymentPostprocessing = 0;
		};
/* End PBXResourcesBuildPhase section */

/* Begin PBXShellScriptBuildPhase section */
		BE1826DC1792C90F000A87DB /* ShellScript */ = {
			isa = PBXShellScriptBuildPhase;
			buildActionMask = 2147483647;
			files = (
			);
			inputPaths = (
			);
			outputPaths = (
			);
			runOnlyForDeploymentPostprocessing = 0;
			shellPath = /bin/sh;
			shellScript = "# Run the unit tests in this test bundle.\n\"${SYSTEM_DEVELOPER_DIR}/Tools/RunUnitTests\"\n";
		};
/* End PBXShellScriptBuildPhase section */

/* Begin PBXSourcesBuildPhase section */
		BE1826BA1792C90F000A87DB /* Sources */ = {
			isa = PBXSourcesBuildPhase;
			buildActionMask = 2147483647;
			files = (
				BE1826CE1792C90F000A87DB /* main.m in Sources */,
				BE1826D21792C90F000A87DB /* AppDelegate.m in Sources */,
				BE1827051792CA03000A87DB /* MyButton.m in Sources */,
				BE1827081792CA40000A87DB /* MyTextField.m in Sources */,
				BE18270C1792CABF000A87DB /* JsonParser.m in Sources */,
				BE18270F1792CAE6000A87DB /* OrderList.m in Sources */,
				BE1827141792CBA7000A87DB /* CheckOrderFormViewController.m in Sources */,
				BE1827151792CBA7000A87DB /* HelpOrderFormViewController.m in Sources */,
				BE18271E1792CBE4000A87DB /* MainViewController.m in Sources */,
				BE18271F1792CBE4000A87DB /* SelectFoodViewController.m in Sources */,
				BE1827201792CBE4000A87DB /* SelectPeopleViewController.m in Sources */,
				BE1827211792CBE4000A87DB /* SelectRestaurantViewController.m in Sources */,
				BE3FCDAB1793C5EB00C3B734 /* OrderItem.m in Sources */,
				BE0FACBD1795898800931E59 /* HelpOrderFormView.m in Sources */,
				BE0FACC0179589D200931E59 /* MainView.m in Sources */,
				BE0A10721797D01E00AD191E /* CheckOrderFormTableView.m in Sources */,
				BE0A10761797E90300AD191E /* DataModel.m in Sources */,
			);
			runOnlyForDeploymentPostprocessing = 0;
		};
		BE1826D91792C90F000A87DB /* Sources */ = {
			isa = PBXSourcesBuildPhase;
			buildActionMask = 2147483647;
			files = (
				BE1826ED1792C90F000A87DB /* moonTests.m in Sources */,
			);
			runOnlyForDeploymentPostprocessing = 0;
		};
/* End PBXSourcesBuildPhase section */

/* Begin PBXTargetDependency section */
		BE1826E41792C90F000A87DB /* PBXTargetDependency */ = {
			isa = PBXTargetDependency;
			target = BE1826BD1792C90F000A87DB /* moon */;
			targetProxy = BE1826E31792C90F000A87DB /* PBXContainerItemProxy */;
		};
/* End PBXTargetDependency section */

/* Begin PBXVariantGroup section */
		BE1826CA1792C90F000A87DB /* InfoPlist.strings */ = {
			isa = PBXVariantGroup;
			children = (
				BE1826CB1792C90F000A87DB /* en */,
			);
			name = InfoPlist.strings;
			sourceTree = "<group>";
		};
		BE1826E81792C90F000A87DB /* InfoPlist.strings */ = {
			isa = PBXVariantGroup;
			children = (
				BE1826E91792C90F000A87DB /* en */,
			);
			name = InfoPlist.strings;
			sourceTree = "<group>";
		};
/* End PBXVariantGroup section */

/* Begin XCBuildConfiguration section */
		BE1826EE1792C90F000A87DB /* Debug */ = {
			isa = XCBuildConfiguration;
			buildSettings = {
				ALWAYS_SEARCH_USER_PATHS = NO;
				CLANG_CXX_LANGUAGE_STANDARD = "gnu++0x";
				CLANG_CXX_LIBRARY = "libc++";
				CLANG_ENABLE_OBJC_ARC = YES;
				CLANG_WARN_CONSTANT_CONVERSION = YES;
				CLANG_WARN_EMPTY_BODY = YES;
				CLANG_WARN_ENUM_CONVERSION = YES;
				CLANG_WARN_INT_CONVERSION = YES;
				CLANG_WARN__DUPLICATE_METHOD_MATCH = YES;
				"CODE_SIGN_IDENTITY[sdk=iphoneos*]" = "iPhone Developer";
				COPY_PHASE_STRIP = NO;
				GCC_C_LANGUAGE_STANDARD = gnu99;
				GCC_DYNAMIC_NO_PIC = NO;
				GCC_OPTIMIZATION_LEVEL = 0;
				GCC_PREPROCESSOR_DEFINITIONS = (
					"DEBUG=1",
					"$(inherited)",
				);
				GCC_SYMBOLS_PRIVATE_EXTERN = NO;
				GCC_WARN_ABOUT_RETURN_TYPE = YES;
				GCC_WARN_UNINITIALIZED_AUTOS = YES;
				GCC_WARN_UNUSED_VARIABLE = YES;
				IPHONEOS_DEPLOYMENT_TARGET = 6.1;
				ONLY_ACTIVE_ARCH = YES;
				SDKROOT = iphoneos;
				TARGETED_DEVICE_FAMILY = "1,2";
			};
			name = Debug;
		};
		BE1826EF1792C90F000A87DB /* Release */ = {
			isa = XCBuildConfiguration;
			buildSettings = {
				ALWAYS_SEARCH_USER_PATHS = NO;
				CLANG_CXX_LANGUAGE_STANDARD = "gnu++0x";
				CLANG_CXX_LIBRARY = "libc++";
				CLANG_ENABLE_OBJC_ARC = YES;
				CLANG_WARN_CONSTANT_CONVERSION = YES;
				CLANG_WARN_EMPTY_BODY = YES;
				CLANG_WARN_ENUM_CONVERSION = YES;
				CLANG_WARN_INT_CONVERSION = YES;
				CLANG_WARN__DUPLICATE_METHOD_MATCH = YES;
				"CODE_SIGN_IDENTITY[sdk=iphoneos*]" = "iPhone Developer";
				COPY_PHASE_STRIP = YES;
				GCC_C_LANGUAGE_STANDARD = gnu99;
				GCC_WARN_ABOUT_RETURN_TYPE = YES;
				GCC_WARN_UNINITIALIZED_AUTOS = YES;
				GCC_WARN_UNUSED_VARIABLE = YES;
				IPHONEOS_DEPLOYMENT_TARGET = 6.1;
				OTHER_CFLAGS = "-DNS_BLOCK_ASSERTIONS=1";
				SDKROOT = iphoneos;
				TARGETED_DEVICE_FAMILY = "1,2";
				VALIDATE_PRODUCT = YES;
			};
			name = Release;
		};
		BE1826F11792C90F000A87DB /* Debug */ = {
			isa = XCBuildConfiguration;
			buildSettings = {
				GCC_PRECOMPILE_PREFIX_HEADER = YES;
				GCC_PREFIX_HEADER = "moon/moon-Prefix.pch";
				INFOPLIST_FILE = "moon/moon-Info.plist";
				PRODUCT_NAME = "$(TARGET_NAME)";
				RUN_CLANG_STATIC_ANALYZER = YES;
				WRAPPER_EXTENSION = app;
			};
			name = Debug;
		};
		BE1826F21792C90F000A87DB /* Release */ = {
			isa = XCBuildConfiguration;
			buildSettings = {
				GCC_PRECOMPILE_PREFIX_HEADER = YES;
				GCC_PREFIX_HEADER = "moon/moon-Prefix.pch";
				INFOPLIST_FILE = "moon/moon-Info.plist";
				PRODUCT_NAME = "$(TARGET_NAME)";
				RUN_CLANG_STATIC_ANALYZER = YES;
				WRAPPER_EXTENSION = app;
			};
			name = Release;
		};
		BE1826F41792C90F000A87DB /* Debug */ = {
			isa = XCBuildConfiguration;
			buildSettings = {
				BUNDLE_LOADER = "$(BUILT_PRODUCTS_DIR)/moon.app/moon";
				FRAMEWORK_SEARCH_PATHS = (
					"\"$(SDKROOT)/Developer/Library/Frameworks\"",
					"\"$(DEVELOPER_LIBRARY_DIR)/Frameworks\"",
				);
				GCC_PRECOMPILE_PREFIX_HEADER = YES;
				GCC_PREFIX_HEADER = "moon/moon-Prefix.pch";
				INFOPLIST_FILE = "moonTests/moonTests-Info.plist";
				PRODUCT_NAME = "$(TARGET_NAME)";
				TEST_HOST = "$(BUNDLE_LOADER)";
				WRAPPER_EXTENSION = octest;
			};
			name = Debug;
		};
		BE1826F51792C90F000A87DB /* Release */ = {
			isa = XCBuildConfiguration;
			buildSettings = {
				BUNDLE_LOADER = "$(BUILT_PRODUCTS_DIR)/moon.app/moon";
				FRAMEWORK_SEARCH_PATHS = (
					"\"$(SDKROOT)/Developer/Library/Frameworks\"",
					"\"$(DEVELOPER_LIBRARY_DIR)/Frameworks\"",
				);
				GCC_PRECOMPILE_PREFIX_HEADER = YES;
				GCC_PREFIX_HEADER = "moon/moon-Prefix.pch";
				INFOPLIST_FILE = "moonTests/moonTests-Info.plist";
				PRODUCT_NAME = "$(TARGET_NAME)";
				TEST_HOST = "$(BUNDLE_LOADER)";
				WRAPPER_EXTENSION = octest;
			};
			name = Release;
		};
/* End XCBuildConfiguration section */

/* Begin XCConfigurationList section */
		BE1826B91792C90F000A87DB /* Build configuration list for PBXProject "moon" */ = {
			isa = XCConfigurationList;
			buildConfigurations = (
				BE1826EE1792C90F000A87DB /* Debug */,
				BE1826EF1792C90F000A87DB /* Release */,
			);
			defaultConfigurationIsVisible = 0;
			defaultConfigurationName = Release;
		};
		BE1826F01792C90F000A87DB /* Build configuration list for PBXNativeTarget "moon" */ = {
			isa = XCConfigurationList;
			buildConfigurations = (
				BE1826F11792C90F000A87DB /* Debug */,
				BE1826F21792C90F000A87DB /* Release */,
			);
			defaultConfigurationIsVisible = 0;
			defaultConfigurationName = Release;
		};
		BE1826F31792C90F000A87DB /* Build configuration list for PBXNativeTarget "moonTests" */ = {
			isa = XCConfigurationList;
			buildConfigurations = (
				BE1826F41792C90F000A87DB /* Debug */,
				BE1826F51792C90F000A87DB /* Release */,
			);
			defaultConfigurationIsVisible = 0;
			defaultConfigurationName = Release;
		};
/* End XCConfigurationList section */
	};
	rootObject = BE1826B61792C90F000A87DB /* Project object */;
}
